GIT
  remote: https://github.com/matrix9180/numo-narray.git
  revision: 03b384f493431fa293e1150ae61df5b3881404ad
  specs:
    numo-narray (0.9.2.1)

PATH
  remote: rinzler-autograd
  specs:
    rinzler-autograd (0.1.0)

PATH
  remote: rinzler-gpt
  specs:
    rinzler-gpt (0.1.0)
      rinzler-nn (~> 0.1)
      rinzler-optim (~> 0.1)
      rinzler-tokenizer (~> 0.1)

PATH
  remote: rinzler-nn
  specs:
    rinzler-nn (0.1.0)
      rinzler-tensor (~> 0.1)

PATH
  remote: rinzler-optim
  specs:
    rinzler-optim (0.1.0)
      rinzler-tensor (~> 0.1)

PATH
  remote: rinzler-tensor
  specs:
    rinzler-tensor (0.1.0)
      fiddle
      logger
      numo-linalg (~> 0.1)
      numo-narray (~> 0.9)

PATH
  remote: rinzler-tokenizer
  specs:
    rinzler-tokenizer (0.1.0)

PATH
  remote: rinzler-vulkan
  specs:
    rinzler-vulkan (0.1.0)

GEM
  remote: https://rubygems.org/
  specs:
    base64 (0.3.0)
    date (3.5.1)
    erb (6.0.2)
    fiddle (1.1.8)
    io-console (0.8.2)
    irb (1.17.0)
      pp (>= 0.6.0)
      prism (>= 1.3.0)
      rdoc (>= 4.0.0)
      reline (>= 0.4.2)
    logger (1.7.0)
    minitest (5.27.0)
    numo-linalg (0.1.7)
      numo-narray (>= 0.9.1.4)
    ostruct (0.6.3)
    pp (0.6.3)
      prettyprint
    prettyprint (0.2.0)
    prism (1.9.0)
    psych (5.3.1)
      date
      stringio
    rake (13.3.1)
    rake-compiler (1.3.1)
      rake
    rdoc (7.2.0)
      erb
      psych (>= 4.0.0)
      tsort
    reline (0.6.3)
      io-console (~> 0.5)
    ruby-prof (2.0.4)
      base64
      ostruct
    stackprof (0.2.28)
    stringio (3.2.0)
    tsort (0.2.0)

PLATFORMS
  ruby
  x86_64-linux

DEPENDENCIES
  fiddle
  irb
  minitest (~> 5.0)
  numo-linalg
  numo-narray!
  rake (~> 13.0)
  rake-compiler
  rinzler-autograd!
  rinzler-gpt!
  rinzler-nn!
  rinzler-optim!
  rinzler-tensor!
  rinzler-tokenizer!
  rinzler-vulkan!
  ruby-prof
  stackprof

CHECKSUMS
  base64 (0.3.0) sha256=27337aeabad6ffae05c265c450490628ef3ebd4b67be58257393227588f5a97b
  date (3.5.1) sha256=750d06384d7b9c15d562c76291407d89e368dda4d4fff957eb94962d325a0dc0
  erb (6.0.2) sha256=9fe6264d44f79422c87490a1558479bd0e7dad4dd0e317656e67ea3077b5242b
  fiddle (1.1.8) sha256=7fa8ee3627271497f3add5503acdbc3f40b32f610fc1cf49634f083ef3f32eee
  io-console (0.8.2) sha256=d6e3ae7a7cc7574f4b8893b4fca2162e57a825b223a177b7afa236c5ef9814cc
  irb (1.17.0) sha256=168c4ddb93d8a361a045c41d92b2952c7a118fa73f23fe14e55609eb7a863aae
  logger (1.7.0) sha256=196edec7cc44b66cfb40f9755ce11b392f21f7967696af15d274dde7edff0203
  minitest (5.27.0) sha256=2d3b17f8a36fe7801c1adcffdbc38233b938eb0b4966e97a6739055a45fa77d5
  numo-linalg (0.1.7) sha256=bf5faa48b682b707535a11ce8e10e8b74896aa61497e0d3b1f73a22c3455301b
  numo-narray (0.9.2.1)
  ostruct (0.6.3) sha256=95a2ed4a4bd1d190784e666b47b2d3f078e4a9efda2fccf18f84ddc6538ed912
  pp (0.6.3) sha256=2951d514450b93ccfeb1df7d021cae0da16e0a7f95ee1e2273719669d0ab9df6
  prettyprint (0.2.0) sha256=2bc9e15581a94742064a3cc8b0fb9d45aae3d03a1baa6ef80922627a0766f193
  prism (1.9.0) sha256=7b530c6a9f92c24300014919c9dcbc055bf4cdf51ec30aed099b06cd6674ef85
  psych (5.3.1) sha256=eb7a57cef10c9d70173ff74e739d843ac3b2c019a003de48447b2963d81b1974
  rake (13.3.1) sha256=8c9e89d09f66a26a01264e7e3480ec0607f0c497a861ef16063604b1b08eb19c
  rake-compiler (1.3.1) sha256=6b351612b6e2d73ddd5563ee799bb58685176e05363db6758504bd11573d670a
  rdoc (7.2.0) sha256=8650f76cd4009c3b54955eb5d7e3a075c60a57276766ebf36f9085e8c9f23192
  reline (0.6.3) sha256=1198b04973565b36ec0f11542ab3f5cfeeec34823f4e54cebde90968092b1835
  rinzler-autograd (0.1.0)
  rinzler-gpt (0.1.0)
  rinzler-nn (0.1.0)
  rinzler-optim (0.1.0)
  rinzler-tensor (0.1.0)
  rinzler-tokenizer (0.1.0)
  rinzler-vulkan (0.1.0)
  ruby-prof (2.0.4) sha256=42190ff6870e055a9d58b39df63e83442113ef7169c0e27b599942c3f15d1435
  stackprof (0.2.28) sha256=4ec2ace02f386012b40ca20ef80c030ad711831f59511da12e83b34efb0f9a04
  stringio (3.2.0) sha256=c37cb2e58b4ffbd33fe5cd948c05934af997b36e0b6ca6fdf43afa234cf222e1
  tsort (0.2.0) sha256=9650a793f6859a43b6641671278f79cfead60ac714148aabe4e3f0060480089f

BUNDLED WITH
  4.0.9
